
Microsoft Visual Studio Solution File, Format Version 12.00
# Visual Studio 14
VisualStudioVersion = 14.0.25420.1
MinimumVisualStudioVersion = 10.0.40219.1
Project("{F184B08F-C81C-45F6-A57F-5ABD9991F28F}") = "rpage1b1", "rpage1b1\rpage1b1.vbproj", "{020545B1-4D18-434D-88E4-3AAAE3EF44A5}"
EndProject
Project("{F184B08F-C81C-45F6-A57F-5ABD9991F28F}") = "rpage1c1", "rpage1c1\rpage1c1.vbproj", "{8DC6D0FF-EABD-4175-8499-3C26852AD2C5}"
EndProject
Project("{F184B08F-C81C-45F6-A57F-5ABD9991F28F}") = "rpage1d1", "rpage1d1\rpage1d1.vbproj", "{7691698E-10E6-4345-BDAA-97C98B4DAACE}"
EndProject
Project("{F184B08F-C81C-45F6-A57F-5ABD9991F28F}") = "rpage1e1", "rpage1e1\rpage1e1.vbproj", "{6561F37D-DF96-41A1-B742-827B6202DC59}"
EndProject
Project("{F184B08F-C81C-45F6-A57F-5ABD9991F28F}") = "rpage1f1", "rpage1f1\rpage1f1.vbproj", "{23AA1CA5-3F2A-4A3A-8BB6-900A4D224C9D}"
EndProject
Project("{F184B08F-C81C-45F6-A57F-5ABD9991F28F}") = "rpage1g1", "rpage1g1\rpage1g1.vbproj", "{F1B38FE2-62E3-4378-BE18-D7C5B8C504CD}"
EndProject
Project("{F184B08F-C81C-45F6-A57F-5ABD9991F28F}") = "rpage1h1", "rpage1h1\rpage1h1.vbproj", "{C6BB9596-D2FE-442A-AFED-307E14A17B07}"
EndProject
Project("{F184B08F-C81C-45F6-A57F-5ABD9991F28F}") = "rpage2a1", "rpage2a1\rpage2a1.vbproj", "{ED061208-2698-4F9E-8104-40640C005F52}"
EndProject
Project("{F184B08F-C81C-45F6-A57F-5ABD9991F28F}") = "rpage2b1", "rpage2b1\rpage2b1.vbproj", "{73FFE595-A936-4BB2-AC5D-74B75E322114}"
EndProject
Project("{F184B08F-C81C-45F6-A57F-5ABD9991F28F}") = "rpage2c1", "rpage2c1\rpage2c1.vbproj", "{A16032B3-E8A1-40C1-87E5-9AED0F1802DB}"
EndProject
Project("{F184B08F-C81C-45F6-A57F-5ABD9991F28F}") = "rpage2f1", "rpage2f1\rpage2f1.vbproj", "{1229921B-0B3A-4500-A8B2-4F0823E5A9DF}"
EndProject
Project("{F184B08F-C81C-45F6-A57F-5ABD9991F28F}") = "rpage2G1", "rpage2G1\rpage2G1.vbproj", "{B448F313-7C90-44A9-AF5D-8632D3A0B73F}"
EndProject
Project("{F184B08F-C81C-45F6-A57F-5ABD9991F28F}") = "rpage2h1", "rpage2h1\rpage2h1.vbproj", "{41819C13-BF6F-4194-B5EA-85A795F79DD0}"
EndProject
Project("{F184B08F-C81C-45F6-A57F-5ABD9991F28F}") = "rpage2I1", "rpage2I1\rpage2I1.vbproj", "{CF460027-E026-4A5C-9A3B-66A2F6789F0D}"
EndProject
Project("{F184B08F-C81C-45F6-A57F-5ABD9991F28F}") = "rpage2j1", "rpage2j1\rpage2j1.vbproj", "{58753749-2498-4BD0-8B25-D280A42D40A5}"
EndProject
Project("{F184B08F-C81C-45F6-A57F-5ABD9991F28F}") = "rpage3a1", "rpage3a1\rpage3a1.vbproj", "{2FFEDEF6-7916-4202-8C5C-B4833D9AF5D6}"
EndProject
Global
	GlobalSection(SolutionConfigurationPlatforms) = preSolution
		Debug|Any CPU = Debug|Any CPU
		Release|Any CPU = Release|Any CPU
	EndGlobalSection
	GlobalSection(ProjectConfigurationPlatforms) = postSolution
		{020545B1-4D18-434D-88E4-3AAAE3EF44A5}.Debug|Any CPU.ActiveCfg = Debug|Any CPU
		{020545B1-4D18-434D-88E4-3AAAE3EF44A5}.Debug|Any CPU.Build.0 = Debug|Any CPU
		{020545B1-4D18-434D-88E4-3AAAE3EF44A5}.Release|Any CPU.ActiveCfg = Release|Any CPU
		{020545B1-4D18-434D-88E4-3AAAE3EF44A5}.Release|Any CPU.Build.0 = Release|Any CPU
		{8DC6D0FF-EABD-4175-8499-3C26852AD2C5}.Debug|Any CPU.ActiveCfg = Debug|Any CPU
		{8DC6D0FF-EABD-4175-8499-3C26852AD2C5}.Debug|Any CPU.Build.0 = Debug|Any CPU
		{8DC6D0FF-EABD-4175-8499-3C26852AD2C5}.Release|Any CPU.ActiveCfg = Release|Any CPU
		{8DC6D0FF-EABD-4175-8499-3C26852AD2C5}.Release|Any CPU.Build.0 = Release|Any CPU
		{7691698E-10E6-4345-BDAA-97C98B4DAACE}.Debug|Any CPU.ActiveCfg = Debug|Any CPU
		{7691698E-10E6-4345-BDAA-97C98B4DAACE}.Debug|Any CPU.Build.0 = Debug|Any CPU
		{7691698E-10E6-4345-BDAA-97C98B4DAACE}.Release|Any CPU.ActiveCfg = Release|Any CPU
		{7691698E-10E6-4345-BDAA-97C98B4DAACE}.Release|Any CPU.Build.0 = Release|Any CPU
		{6561F37D-DF96-41A1-B742-827B6202DC59}.Debug|Any CPU.ActiveCfg = Debug|Any CPU
		{6561F37D-DF96-41A1-B742-827B6202DC59}.Debug|Any CPU.Build.0 = Debug|Any CPU
		{6561F37D-DF96-41A1-B742-827B6202DC59}.Release|Any CPU.ActiveCfg = Release|Any CPU
		{6561F37D-DF96-41A1-B742-827B6202DC59}.Release|Any CPU.Build.0 = Release|Any CPU
		{23AA1CA5-3F2A-4A3A-8BB6-900A4D224C9D}.Debug|Any CPU.ActiveCfg = Debug|Any CPU
		{23AA1CA5-3F2A-4A3A-8BB6-900A4D224C9D}.Debug|Any CPU.Build.0 = Debug|Any CPU
		{23AA1CA5-3F2A-4A3A-8BB6-900A4D224C9D}.Release|Any CPU.ActiveCfg = Release|Any CPU
		{23AA1CA5-3F2A-4A3A-8BB6-900A4D224C9D}.Release|Any CPU.Build.0 = Release|Any CPU
		{F1B38FE2-62E3-4378-BE18-D7C5B8C504CD}.Debug|Any CPU.ActiveCfg = Debug|Any CPU
		{F1B38FE2-62E3-4378-BE18-D7C5B8C504CD}.Debug|Any CPU.Build.0 = Debug|Any CPU
		{F1B38FE2-62E3-4378-BE18-D7C5B8C504CD}.Release|Any CPU.ActiveCfg = Release|Any CPU
		{F1B38FE2-62E3-4378-BE18-D7C5B8C504CD}.Release|Any CPU.Build.0 = Release|Any CPU
		{C6BB9596-D2FE-442A-AFED-307E14A17B07}.Debug|Any CPU.ActiveCfg = Debug|Any CPU
		{C6BB9596-D2FE-442A-AFED-307E14A17B07}.Debug|Any CPU.Build.0 = Debug|Any CPU
		{C6BB9596-D2FE-442A-AFED-307E14A17B07}.Release|Any CPU.ActiveCfg = Release|Any CPU
		{C6BB9596-D2FE-442A-AFED-307E14A17B07}.Release|Any CPU.Build.0 = Release|Any CPU
		{ED061208-2698-4F9E-8104-40640C005F52}.Debug|Any CPU.ActiveCfg = Debug|Any CPU
		{ED061208-2698-4F9E-8104-40640C005F52}.Debug|Any CPU.Build.0 = Debug|Any CPU
		{ED061208-2698-4F9E-8104-40640C005F52}.Release|Any CPU.ActiveCfg = Release|Any CPU
		{ED061208-2698-4F9E-8104-40640C005F52}.Release|Any CPU.Build.0 = Release|Any CPU
		{73FFE595-A936-4BB2-AC5D-74B75E322114}.Debug|Any CPU.ActiveCfg = Debug|Any CPU
		{73FFE595-A936-4BB2-AC5D-74B75E322114}.Debug|Any CPU.Build.0 = Debug|Any CPU
		{73FFE595-A936-4BB2-AC5D-74B75E322114}.Release|Any CPU.ActiveCfg = Release|Any CPU
		{73FFE595-A936-4BB2-AC5D-74B75E322114}.Release|Any CPU.Build.0 = Release|Any CPU
		{A16032B3-E8A1-40C1-87E5-9AED0F1802DB}.Debug|Any CPU.ActiveCfg = Debug|Any CPU
		{A16032B3-E8A1-40C1-87E5-9AED0F1802DB}.Debug|Any CPU.Build.0 = Debug|Any CPU
		{A16032B3-E8A1-40C1-87E5-9AED0F1802DB}.Release|Any CPU.ActiveCfg = Release|Any CPU
		{A16032B3-E8A1-40C1-87E5-9AED0F1802DB}.Release|Any CPU.Build.0 = Release|Any CPU
		{1229921B-0B3A-4500-A8B2-4F0823E5A9DF}.Debug|Any CPU.ActiveCfg = Debug|Any CPU
		{1229921B-0B3A-4500-A8B2-4F0823E5A9DF}.Debug|Any CPU.Build.0 = Debug|Any CPU
		{1229921B-0B3A-4500-A8B2-4F0823E5A9DF}.Release|Any CPU.ActiveCfg = Release|Any CPU
		{1229921B-0B3A-4500-A8B2-4F0823E5A9DF}.Release|Any CPU.Build.0 = Release|Any CPU
		{B448F313-7C90-44A9-AF5D-8632D3A0B73F}.Debug|Any CPU.ActiveCfg = Debug|Any CPU
		{B448F313-7C90-44A9-AF5D-8632D3A0B73F}.Debug|Any CPU.Build.0 = Debug|Any CPU
		{B448F313-7C90-44A9-AF5D-8632D3A0B73F}.Release|Any CPU.ActiveCfg = Release|Any CPU
		{B448F313-7C90-44A9-AF5D-8632D3A0B73F}.Release|Any CPU.Build.0 = Release|Any CPU
		{41819C13-BF6F-4194-B5EA-85A795F79DD0}.Debug|Any CPU.ActiveCfg = Debug|Any CPU
		{41819C13-BF6F-4194-B5EA-85A795F79DD0}.Debug|Any CPU.Build.0 = Debug|Any CPU
		{41819C13-BF6F-4194-B5EA-85A795F79DD0}.Release|Any CPU.ActiveCfg = Release|Any CPU
		{41819C13-BF6F-4194-B5EA-85A795F79DD0}.Release|Any CPU.Build.0 = Release|Any CPU
		{CF460027-E026-4A5C-9A3B-66A2F6789F0D}.Debug|Any CPU.ActiveCfg = Debug|Any CPU
		{CF460027-E026-4A5C-9A3B-66A2F6789F0D}.Debug|Any CPU.Build.0 = Debug|Any CPU
		{CF460027-E026-4A5C-9A3B-66A2F6789F0D}.Release|Any CPU.ActiveCfg = Release|Any CPU
		{CF460027-E026-4A5C-9A3B-66A2F6789F0D}.Release|Any CPU.Build.0 = Release|Any CPU
		{58753749-2498-4BD0-8B25-D280A42D40A5}.Debug|Any CPU.ActiveCfg = Debug|Any CPU
		{58753749-2498-4BD0-8B25-D280A42D40A5}.Debug|Any CPU.Build.0 = Debug|Any CPU
		{58753749-2498-4BD0-8B25-D280A42D40A5}.Release|Any CPU.ActiveCfg = Release|Any CPU
		{58753749-2498-4BD0-8B25-D280A42D40A5}.Release|Any CPU.Build.0 = Release|Any CPU
		{2FFEDEF6-7916-4202-8C5C-B4833D9AF5D6}.Debug|Any CPU.ActiveCfg = Debug|Any CPU
		{2FFEDEF6-7916-4202-8C5C-B4833D9AF5D6}.Debug|Any CPU.Build.0 = Debug|Any CPU
		{2FFEDEF6-7916-4202-8C5C-B4833D9AF5D6}.Release|Any CPU.ActiveCfg = Release|Any CPU
		{2FFEDEF6-7916-4202-8C5C-B4833D9AF5D6}.Release|Any CPU.Build.0 = Release|Any CPU
	EndGlobalSection
	GlobalSection(SolutionProperties) = preSolution
		HideSolutionNode = FALSE
	EndGlobalSection
EndGlobal
